github.com/apex/log v0.0.0-20160721172613-2dafa85a923a h1:sLu94priuZDMpv9CO1jBlnZCDiUq/8H43JukFS58PsY=
github.com/apex/log v0.0.0-20160721172613-2dafa85a923a/go.mod h1:yA770aXIDQrhVOIGurT/pVdfCpSq1GQV/auzMN5fzvY=
github.com/aws/aws-sdk-go v1.2.10 h1:dwFX88TDeGSjGKrUHPcP9FGDfEZuvhP1MHz0jU2WITY=
github.com/aws/aws-sdk-go v1.2.10/go.mod h1:ZRmQr0FajVIyZ4ZzBYKG5P3ZqPz9IHG41ZoMu1ADI3k=
github.com/coreos/go-systemd v0.0.0-20160728000419-fa8411dcbcba h1:CaLnY81M6xLZHuBqYYdPwF4UDDD5tT+LEtJ8GH6V2dA=
github.com/coreos/go-systemd v0.0.0-20160728000419-fa8411dcbcba/go.mod h1:F5haX7vjVVG0kc13fIWeqUViNPyEJxv/OmvnBo0Yme4=
github.com/coreos/pkg v0.0.0-20160727233714-3ac0863d7acf h1:CAKfRE2YtTUIjjh1bkBtyYFaUT/WmOqsJjgtihT0vMI=
github.com/coreos/pkg v0.0.0-20160727233714-3ac0863d7acf/go.mod h1:E3G3o1h8I7cfcXa63jLwjI0eiQQMgzzUDFVpN/nH/eA=
github.com/go-ini/ini v1.18.0 h1:HpIzEs0R6Hg8q2WOyOP7zGxjOnwmGP6AS6tpedBuMlM=
github.com/go-ini/ini v1.18.0/go.mod h1:ByCAeIL28uOIIG0E3PJtZPDL8WnHpFKFOtgjp+3Ies8=
github.com/jmespath/go-jmespath v0.0.0-20160202185014-0b12d6b521d8 h1:12VvqtR6Aowv3l/EQUlocDHW2Cp4G9WJVH7uyH8QFJE=
github.com/jmespath/go-jmespath v0.0.0-20160202185014-0b12d6b521d8/go.mod h1:Nht3zPeWKUH0NzdCt2Blrr5ys8VGpn0CEB0cQHVjt7k=
github.com/jpillora/backoff v0.0.0-20170918002102-8eab2debe79d h1:ix3WmphUvN0GDd0DO9MH0v6/5xTv+Xm1bPN+1UJn58k=
github.com/jpillora/backoff v0.0.0-20170918002102-8eab2debe79d/go.mod h1:2iMrUgbbvHEiQClaW2NsSzMyGHqN+rDFqY705q49KG0=
github.com/segmentio/ecs-logs-go v0.0.0-20170303021009-2f43d53e6e42 h1:4XRht19Jhw+5KkpEqavDei9k3V5nCBBFt4/Y9DJzq2M=
github.com/segmentio/ecs-logs-go v0.0.0-20170303021009-2f43d53e6e42/go.mod h1:e7m7JFEKlTTMX3dG86CPzf/1m2PXYG08DMxsgjBg0oQ=
github.com/segmentio/jutil v0.0.0-20160802072905-2da69de91201 h1:lxhcUPVRbVQWx78fhhQ69CmCoAeWVmhxcL1et4mnzz8=
github.com/segmentio/jutil v0.0.0-20160802072905-2da69de91201/go.mod h1:S++rU4fLQerZI/2lL/NxYfTsg2qdyCdMFO6za5i8Egg=
github.com/statsd/client v0.0.2-0.20140909221056-dd7e89e9895a h1:HGWd7e6uedtxsE6isrQCnudFVmNteQL8TGtP4oaZkuQ=
github.com/statsd/client v0.0.2-0.20140909221056-dd7e89e9895a/go.mod h1:JOTpbI2aoG6EcTGG0OqCOs2JKUB/MRv8LhNwVXMPu00=
github.com/statsd/datadog v0.0.0-20160116190012-12a17042af0a h1:7cDoUfvetNtWnPFmKrq3v1NviTBO5TIpMCSNaFaCWFY=
github.com/statsd/datadog v0.0.0-20160116190012-12a17042af0a/go.mod h1:+IXbTZka0rLdG+LVc85cj9/oSxBRK99CorsxWX/U09c=
github.com/visionmedia/go-debug v0.0.0-20180109164601-bfacf9d8a444 h1:omAc9LPzvfCMXi9UuEB9gbnSVXvz3Bft2zlKZn5Ww7Y=
github.com/visionmedia/go-debug v0.0.0-20180109164601-bfacf9d8a444/go.mod h1:7f/NuZ7w/RrrDGVKvezeak02MX7QbLs4Njo/I+GPxe0=
golang.org/x/net v0.0.0-20170329170435-ffcf1bedda3b h1:Co3zyosPfwWowmu8+roHGC+aDgizpCPH3ukhubZ0Ttg=
golang.org/x/net v0.0.0-20170329170435-ffcf1bedda3b/go.mod h1:mL1N/T3taQHkDXs73rZJwtUhF3w3ftmwwsq0BUmARs4=
