github.com/apex/log v0.0.0-20160721172613-2dafa85a923a h1:sLu94priuZDMpv9CO1jBlnZCDiUq/8H43JukFS58PsY=
github.com/apex/log v0.0.0-20160721172613-2dafa85a923a/go.mod h1:yA770aXIDQrhVOIGurT/pVdfCpSq1GQV/auzMN5fzvY=
github.com/aws/aws-sdk-go v1.33.0 h1:Bq5Y6VTLbfnJp1IV8EL/qUU5qO1DYHda/zis/sqevkY=
github.com/aws/aws-sdk-go v1.33.0/go.mod h1:5zCpMtNQVjRREroY7sYe8lOMRSxkhG6MZveU8YkpAk0=
github.com/bmizerany/assert v0.0.0-20160611221934-b7ed37b82869 h1:DDGfHa7BWjL4YnC6+E63dPcxHo2sUxDIu8g3QgEJdRY=
github.com/bmizerany/assert v0.0.0-20160611221934-b7ed37b82869/go.mod h1:Ekp36dRnpXw/yCqJaO+ZrUyxD+3VXMFFr56k5XYrpB4=
github.com/coreos/go-systemd v0.0.0-20160728000419-fa8411dcbcba h1:CaLnY81M6xLZHuBqYYdPwF4UDDD5tT+LEtJ8GH6V2dA=
github.com/coreos/go-systemd v0.0.0-20160728000419-fa8411dcbcba/go.mod h1:F5haX7vjVVG0kc13fIWeqUViNPyEJxv/OmvnBo0Yme4=
github.com/coreos/pkg v0.0.0-20160727233714-3ac0863d7acf h1:CAKfRE2YtTUIjjh1bkBtyYFaUT/WmOqsJjgtihT0vMI=
github.com/coreos/pkg v0.0.0-20160727233714-3ac0863d7acf/go.mod h1:E3G3o1h8I7cfcXa63jLwjI0eiQQMgzzUDFVpN/nH/eA=
github.com/davecgh/go-spew v1.1.0 h1:ZDRjVQ15GmhC3fiQ8ni8+OwkZQO4DARzQgrnXU1Liz8=
github.com/davecgh/go-spew v1.1.0/go.mod h1:J7Y8YcW2NihsgmVo/mv3lAwl/skON4iLHjSsI+c5H38=
github.com/go-sql-driver/mysql v1.5.0/go.mod h1:DCzpHaOWr8IXmIStZouvnhqoel9Qv2LBy8hT2VhHyBg=
github.com/jmespath/go-jmespath v0.3.0 h1:OS12ieG61fsCg5+qLJ+SsW9NicxNkg3b25OyT2yCeUc=
github.com/jmespath/go-jmespath v0.3.0/go.mod h1:9QtRXoHjLGCJ5IBSaohpXITPlowMeeYCZ7fLUTSywik=
github.com/jpillora/backoff v0.0.0-20170918002102-8eab2debe79d h1:ix3WmphUvN0GDd0DO9MH0v6/5xTv+Xm1bPN+1UJn58k=
github.com/jpillora/backoff v0.0.0-20170918002102-8eab2debe79d/go.mod h1:2iMrUgbbvHEiQClaW2NsSzMyGHqN+rDFqY705q49KG0=
github.com/kr/pretty v0.2.0 h1:s5hAObm+yFO5uHYt5dYjxi2rXrsnmRpJx4OYvIWUaQs=
github.com/kr/pretty v0.2.0/go.mod h1:ipq/a2n7PKx3OHsz4KJII5eveXtPO4qwEXGdVfWzfnI=
github.com/kr/pty v1.1.1/go.mod h1:pFQYn66WHrOpPYNljwOMqo10TkYh1fy3cYio2l3bCsQ=
github.com/kr/text v0.1.0 h1:45sCR5RtlFHMR4UwH9sdQ5TC8v0qDQCHnXt+kaKSTVE=
github.com/kr/text v0.1.0/go.mod h1:4Jbv+DJW3UT/LiOwJeYQe1efqtUx/iVham/4vfdArNI=
github.com/pkg/errors v0.9.1/go.mod h1:bwawxfHBFNV+L2hUp1rHADufV3IMtnDRdf1r5NINEl0=
github.com/pmezard/go-difflib v1.0.0 h1:4DBwDE0NGyQoBHbLQYPwSUPoCMWR5BEzIk/f1lZbAQM=
github.com/pmezard/go-difflib v1.0.0/go.mod h1:iKH77koFhYxTK1pcRnkKkqfTogsbg7gZNVY4sRDYZ/4=
github.com/segmentio/ecs-logs-go v0.0.0-20170303021009-2f43d53e6e42 h1:4XRht19Jhw+5KkpEqavDei9k3V5nCBBFt4/Y9DJzq2M=
github.com/segmentio/ecs-logs-go v0.0.0-20170303021009-2f43d53e6e42/go.mod h1:e7m7JFEKlTTMX3dG86CPzf/1m2PXYG08DMxsgjBg0oQ=
github.com/segmentio/jutil v0.0.0-20160802072905-2da69de91201 h1:lxhcUPVRbVQWx78fhhQ69CmCoAeWVmhxcL1et4mnzz8=
github.com/segmentio/jutil v0.0.0-20160802072905-2da69de91201/go.mod h1:S++rU4fLQerZI/2lL/NxYfTsg2qdyCdMFO6za5i8Egg=
github.com/statsd/client v0.0.2-0.20140909221056-dd7e89e9895a h1:HGWd7e6uedtxsE6isrQCnudFVmNteQL8TGtP4oaZkuQ=
github.com/statsd/client v0.0.2-0.20140909221056-dd7e89e9895a/go.mod h1:JOTpbI2aoG6EcTGG0OqCOs2JKUB/MRv8LhNwVXMPu00=
github.com/statsd/client-interface v0.0.0-20140909221041-d354afbbdb2b h1:roBsfyylCInl9m6YrKX1lgk1trGJSdqpZ/AVMpEoSfE=
github.com/statsd/client-interface v0.0.0-20140909221041-d354afbbdb2b/go.mod h1:t9B0pYbEC7s1j9FN7M69aEPZV0H3YMkjasoXYC0d7WY=
github.com/statsd/datadog v0.0.0-20160116190012-12a17042af0a h1:7cDoUfvetNtWnPFmKrq3v1NviTBO5TIpMCSNaFaCWFY=
github.com/statsd/datadog v0.0.0-20160116190012-12a17042af0a/go.mod h1:+IXbTZka0rLdG+LVc85cj9/oSxBRK99CorsxWX/U09c=
github.com/stretchr/objx v0.1.0/go.mod h1:HFkY916IF+rwdDfMAkV7OtwuqBVzrE8GR6GFx+wExME=
github.com/stretchr/testify v1.5.1 h1:nOGnQDM7FYENwehXlg/kFVnos3rEvtKTjRvOWSzb6H4=
github.com/stretchr/testify v1.5.1/go.mod h1:5W2xD1RspED5o8YsWQXVCued0rvSQ+mT+I5cxcmMvtA=
github.com/visionmedia/go-debug v0.0.0-20180109164601-bfacf9d8a444 h1:omAc9LPzvfCMXi9UuEB9gbnSVXvz3Bft2zlKZn5Ww7Y=
github.com/visionmedia/go-debug v0.0.0-20180109164601-bfacf9d8a444/go.mod h1:7f/NuZ7w/RrrDGVKvezeak02MX7QbLs4Njo/I+GPxe0=
golang.org/x/crypto v0.0.0-20190308221718-c2843e01d9a2/go.mod h1:djNgcEr1/C05ACkg1iLfiJU5Ep61QUkGW8qpdssI0+w=
golang.org/x/net v0.0.0-20200202094626-16171245cfb2 h1:CCH4IOTTfewWjGOlSp+zGcjutRKlBEZQ6wTn8ozI/nI=
golang.org/x/net v0.0.0-20200202094626-16171245cfb2/go.mod h1:z5CRVTTTmAJ677TzLLGU+0bjPO0LkuOLi4/5GtJWs/s=
golang.org/x/sys v0.0.0-20190215142949-d0b11bdaac8a/go.mod h1:STP8DvDyc/dI5b8T5hshtkjS+E42TnysNCUPdjciGhY=
golang.org/x/text v0.3.0 h1:g61tztE5qeGQ89tm6NTjjM9VPIm088od1l6aSorWRWg=
golang.org/x/text v0.3.0/go.mod h1:NqM8EUOU14njkJ3fqMW+pc6Ldnwhi/IjpwHt7yyuwOQ=
gopkg.in/check.v1 v0.0.0-20161208181325-20d25e280405 h1:yhCVgyC4o1eVCa2tZl7eS0r+SDo693bJlVdllGtEeKM=
gopkg.in/check.v1 v0.0.0-20161208181325-20d25e280405/go.mod h1:Co6ibVJAznAaIkqp8huTwlJQCZ016jof/cbN4VW5Yz0=
gopkg.in/yaml.v2 v2.2.2 h1:ZCJp+EgiOT7lHqUV2J862kp8Qj64Jo6az82+3Td9dZw=
gopkg.in/yaml.v2 v2.2.2/go.mod h1:hI93XBmqTisBFMUTm0b8Fm+jr3Dg1NNxqwp+5A1VGuI=
